
Microsoft Visual Studio Solution File, Format Version 12.00
# Visual Studio Version 17
VisualStudioVersion = 17.3.32929.385
MinimumVisualStudioVersion = 10.0.40219.1
Project("{9A19103F-16F7-4668-BE54-9A1E7A4F7556}") = "cCoder.Security.Data", "cCoder.Security.Data\cCoder.Security.Data.csproj", "{48D514DF-1781-49AA-B528-2736C6016C7A}"
EndProject
Project("{FAE04EC0-301F-11D3-BF4B-00C04F79EFBC}") = "cCoder.Security", "cCoder.Security\cCoder.Security.csproj", "{483DFB3A-95F4-4F9B-BCD0-F9BF6B66A357}"
EndProject
Project("{FAE04EC0-301F-11D3-BF4B-00C04F79EFBC}") = "cCoder.Security.Tests", "cCoder.Security.Tests\cCoder.Security.Tests.csproj", "{E3E290CE-344D-4361-9E6A-B8AFECC596F7}"
EndProject
Project("{2150E333-8FDC-42A3-9474-1A3956D46DE8}") = "Apps", "Apps", "{1787FE1D-075E-9E68-7218-25F1BD1BBEAB}"
EndProject
Project("{FAE04EC0-301F-11D3-BF4B-00C04F79EFBC}") = "Security.Web", "Apps\Security.Web\Security.Web.csproj", "{E2715957-4F10-4B87-98F4-D3438DF87FCD}"
EndProject
Project("{FAE04EC0-301F-11D3-BF4B-00C04F79EFBC}") = "Security.Web.AcceptanceTests", "Apps\Security.Web.AcceptanceTests\Security.Web.AcceptanceTests.csproj", "{21538465-C023-4A08-B591-D7AF9F1BACD0}"
EndProject
Project("{FAE04EC0-301F-11D3-BF4B-00C04F79EFBC}") = "Security.HostedServices", "Apps\Security.HostedServices\Security.HostedServices.csproj", "{51F0CE65-193C-47D2-A433-C094EF617CA8}"
EndProject
Project("{FAE04EC0-301F-11D3-BF4B-00C04F79EFBC}") = "Security.HostedServices.AcceptanceTests", "Apps\Security.HostedServices.AcceptanceTests\Security.HostedServices.AcceptanceTests.csproj", "{C2DF5E8C-7482-440F-9264-C9A0EAECAC59}"
EndProject
Global
	GlobalSection(SolutionConfigurationPlatforms) = preSolution
		Debug|Any CPU = Debug|Any CPU
		Debug|x64 = Debug|x64
		Debug|x86 = Debug|x86
		Release|Any CPU = Release|Any CPU
		Release|x64 = Release|x64
		Release|x86 = Release|x86
	EndGlobalSection
	GlobalSection(ProjectConfigurationPlatforms) = postSolution
		{48D514DF-1781-49AA-B528-2736C6016C7A}.Debug|Any CPU.ActiveCfg = Debug|Any CPU
		{48D514DF-1781-49AA-B528-2736C6016C7A}.Debug|Any CPU.Build.0 = Debug|Any CPU
		{48D514DF-1781-49AA-B528-2736C6016C7A}.Debug|x64.ActiveCfg = Debug|Any CPU
		{48D514DF-1781-49AA-B528-2736C6016C7A}.Debug|x64.Build.0 = Debug|Any CPU
		{48D514DF-1781-49AA-B528-2736C6016C7A}.Debug|x86.ActiveCfg = Debug|Any CPU
		{48D514DF-1781-49AA-B528-2736C6016C7A}.Debug|x86.Build.0 = Debug|Any CPU
		{48D514DF-1781-49AA-B528-2736C6016C7A}.Release|Any CPU.ActiveCfg = Release|Any CPU
		{48D514DF-1781-49AA-B528-2736C6016C7A}.Release|Any CPU.Build.0 = Release|Any CPU
		{48D514DF-1781-49AA-B528-2736C6016C7A}.Release|x64.ActiveCfg = Release|Any CPU
		{48D514DF-1781-49AA-B528-2736C6016C7A}.Release|x64.Build.0 = Release|Any CPU
		{48D514DF-1781-49AA-B528-2736C6016C7A}.Release|x86.ActiveCfg = Release|Any CPU
		{48D514DF-1781-49AA-B528-2736C6016C7A}.Release|x86.Build.0 = Release|Any CPU
		{483DFB3A-95F4-4F9B-BCD0-F9BF6B66A357}.Debug|Any CPU.ActiveCfg = Debug|Any CPU
		{483DFB3A-95F4-4F9B-BCD0-F9BF6B66A357}.Debug|Any CPU.Build.0 = Debug|Any CPU
		{483DFB3A-95F4-4F9B-BCD0-F9BF6B66A357}.Debug|x64.ActiveCfg = Debug|Any CPU
		{483DFB3A-95F4-4F9B-BCD0-F9BF6B66A357}.Debug|x64.Build.0 = Debug|Any CPU
		{483DFB3A-95F4-4F9B-BCD0-F9BF6B66A357}.Debug|x86.ActiveCfg = Debug|Any CPU
		{483DFB3A-95F4-4F9B-BCD0-F9BF6B66A357}.Debug|x86.Build.0 = Debug|Any CPU
		{483DFB3A-95F4-4F9B-BCD0-F9BF6B66A357}.Release|Any CPU.ActiveCfg = Release|Any CPU
		{483DFB3A-95F4-4F9B-BCD0-F9BF6B66A357}.Release|Any CPU.Build.0 = Release|Any CPU
		{483DFB3A-95F4-4F9B-BCD0-F9BF6B66A357}.Release|x64.ActiveCfg = Release|Any CPU
		{483DFB3A-95F4-4F9B-BCD0-F9BF6B66A357}.Release|x64.Build.0 = Release|Any CPU
		{483DFB3A-95F4-4F9B-BCD0-F9BF6B66A357}.Release|x86.ActiveCfg = Release|Any CPU
		{483DFB3A-95F4-4F9B-BCD0-F9BF6B66A357}.Release|x86.Build.0 = Release|Any CPU
		{E3E290CE-344D-4361-9E6A-B8AFECC596F7}.Debug|Any CPU.ActiveCfg = Debug|Any CPU
		{E3E290CE-344D-4361-9E6A-B8AFECC596F7}.Debug|Any CPU.Build.0 = Debug|Any CPU
		{E3E290CE-344D-4361-9E6A-B8AFECC596F7}.Debug|x64.ActiveCfg = Debug|Any CPU
		{E3E290CE-344D-4361-9E6A-B8AFECC596F7}.Debug|x64.Build.0 = Debug|Any CPU
		{E3E290CE-344D-4361-9E6A-B8AFECC596F7}.Debug|x86.ActiveCfg = Debug|Any CPU
		{E3E290CE-344D-4361-9E6A-B8AFECC596F7}.Debug|x86.Build.0 = Debug|Any CPU
		{E3E290CE-344D-4361-9E6A-B8AFECC596F7}.Release|Any CPU.ActiveCfg = Release|Any CPU
		{E3E290CE-344D-4361-9E6A-B8AFECC596F7}.Release|Any CPU.Build.0 = Release|Any CPU
		{E3E290CE-344D-4361-9E6A-B8AFECC596F7}.Release|x64.ActiveCfg = Release|Any CPU
		{E3E290CE-344D-4361-9E6A-B8AFECC596F7}.Release|x64.Build.0 = Release|Any CPU
		{E3E290CE-344D-4361-9E6A-B8AFECC596F7}.Release|x86.ActiveCfg = Release|Any CPU
		{E3E290CE-344D-4361-9E6A-B8AFECC596F7}.Release|x86.Build.0 = Release|Any CPU
		{E2715957-4F10-4B87-98F4-D3438DF87FCD}.Debug|Any CPU.ActiveCfg = Debug|Any CPU
		{E2715957-4F10-4B87-98F4-D3438DF87FCD}.Debug|Any CPU.Build.0 = Debug|Any CPU
		{E2715957-4F10-4B87-98F4-D3438DF87FCD}.Debug|x64.ActiveCfg = Debug|Any CPU
		{E2715957-4F10-4B87-98F4-D3438DF87FCD}.Debug|x64.Build.0 = Debug|Any CPU
		{E2715957-4F10-4B87-98F4-D3438DF87FCD}.Debug|x86.ActiveCfg = Debug|Any CPU
		{E2715957-4F10-4B87-98F4-D3438DF87FCD}.Debug|x86.Build.0 = Debug|Any CPU
		{E2715957-4F10-4B87-98F4-D3438DF87FCD}.Release|Any CPU.ActiveCfg = Release|Any CPU
		{E2715957-4F10-4B87-98F4-D3438DF87FCD}.Release|Any CPU.Build.0 = Release|Any CPU
		{E2715957-4F10-4B87-98F4-D3438DF87FCD}.Release|x64.ActiveCfg = Release|Any CPU
		{E2715957-4F10-4B87-98F4-D3438DF87FCD}.Release|x64.Build.0 = Release|Any CPU
		{E2715957-4F10-4B87-98F4-D3438DF87FCD}.Release|x86.ActiveCfg = Release|Any CPU
		{E2715957-4F10-4B87-98F4-D3438DF87FCD}.Release|x86.Build.0 = Release|Any CPU
		{21538465-C023-4A08-B591-D7AF9F1BACD0}.Debug|Any CPU.ActiveCfg = Debug|Any CPU
		{21538465-C023-4A08-B591-D7AF9F1BACD0}.Debug|Any CPU.Build.0 = Debug|Any CPU
		{21538465-C023-4A08-B591-D7AF9F1BACD0}.Debug|x64.ActiveCfg = Debug|Any CPU
		{21538465-C023-4A08-B591-D7AF9F1BACD0}.Debug|x64.Build.0 = Debug|Any CPU
		{21538465-C023-4A08-B591-D7AF9F1BACD0}.Debug|x86.ActiveCfg = Debug|Any CPU
		{21538465-C023-4A08-B591-D7AF9F1BACD0}.Debug|x86.Build.0 = Debug|Any CPU
		{21538465-C023-4A08-B591-D7AF9F1BACD0}.Release|Any CPU.ActiveCfg = Release|Any CPU
		{21538465-C023-4A08-B591-D7AF9F1BACD0}.Release|Any CPU.Build.0 = Release|Any CPU
		{21538465-C023-4A08-B591-D7AF9F1BACD0}.Release|x64.ActiveCfg = Release|Any CPU
		{21538465-C023-4A08-B591-D7AF9F1BACD0}.Release|x64.Build.0 = Release|Any CPU
		{21538465-C023-4A08-B591-D7AF9F1BACD0}.Release|x86.ActiveCfg = Release|Any CPU
		{21538465-C023-4A08-B591-D7AF9F1BACD0}.Release|x86.Build.0 = Release|Any CPU
		{51F0CE65-193C-47D2-A433-C094EF617CA8}.Debug|Any CPU.ActiveCfg = Debug|Any CPU
		{51F0CE65-193C-47D2-A433-C094EF617CA8}.Debug|Any CPU.Build.0 = Debug|Any CPU
		{51F0CE65-193C-47D2-A433-C094EF617CA8}.Debug|x64.ActiveCfg = Debug|Any CPU
		{51F0CE65-193C-47D2-A433-C094EF617CA8}.Debug|x64.Build.0 = Debug|Any CPU
		{51F0CE65-193C-47D2-A433-C094EF617CA8}.Debug|x86.ActiveCfg = Debug|Any CPU
		{51F0CE65-193C-47D2-A433-C094EF617CA8}.Debug|x86.Build.0 = Debug|Any CPU
		{51F0CE65-193C-47D2-A433-C094EF617CA8}.Release|Any CPU.ActiveCfg = Release|Any CPU
		{51F0CE65-193C-47D2-A433-C094EF617CA8}.Release|Any CPU.Build.0 = Release|Any CPU
		{51F0CE65-193C-47D2-A433-C094EF617CA8}.Release|x64.ActiveCfg = Release|Any CPU
		{51F0CE65-193C-47D2-A433-C094EF617CA8}.Release|x64.Build.0 = Release|Any CPU
		{51F0CE65-193C-47D2-A433-C094EF617CA8}.Release|x86.ActiveCfg = Release|Any CPU
		{51F0CE65-193C-47D2-A433-C094EF617CA8}.Release|x86.Build.0 = Release|Any CPU
		{C2DF5E8C-7482-440F-9264-C9A0EAECAC59}.Debug|Any CPU.ActiveCfg = Debug|Any CPU
		{C2DF5E8C-7482-440F-9264-C9A0EAECAC59}.Debug|Any CPU.Build.0 = Debug|Any CPU
		{C2DF5E8C-7482-440F-9264-C9A0EAECAC59}.Debug|x64.ActiveCfg = Debug|Any CPU
		{C2DF5E8C-7482-440F-9264-C9A0EAECAC59}.Debug|x64.Build.0 = Debug|Any CPU
		{C2DF5E8C-7482-440F-9264-C9A0EAECAC59}.Debug|x86.ActiveCfg = Debug|Any CPU
		{C2DF5E8C-7482-440F-9264-C9A0EAECAC59}.Debug|x86.Build.0 = Debug|Any CPU
		{C2DF5E8C-7482-440F-9264-C9A0EAECAC59}.Release|Any CPU.ActiveCfg = Release|Any CPU
		{C2DF5E8C-7482-440F-9264-C9A0EAECAC59}.Release|Any CPU.Build.0 = Release|Any CPU
		{C2DF5E8C-7482-440F-9264-C9A0EAECAC59}.Release|x64.ActiveCfg = Release|Any CPU
		{C2DF5E8C-7482-440F-9264-C9A0EAECAC59}.Release|x64.Build.0 = Release|Any CPU
		{C2DF5E8C-7482-440F-9264-C9A0EAECAC59}.Release|x86.ActiveCfg = Release|Any CPU
		{C2DF5E8C-7482-440F-9264-C9A0EAECAC59}.Release|x86.Build.0 = Release|Any CPU
	EndGlobalSection
	GlobalSection(SolutionProperties) = preSolution
		HideSolutionNode = FALSE
	EndGlobalSection
	GlobalSection(NestedProjects) = preSolution
		{E2715957-4F10-4B87-98F4-D3438DF87FCD} = {1787FE1D-075E-9E68-7218-25F1BD1BBEAB}
		{21538465-C023-4A08-B591-D7AF9F1BACD0} = {1787FE1D-075E-9E68-7218-25F1BD1BBEAB}
		{51F0CE65-193C-47D2-A433-C094EF617CA8} = {1787FE1D-075E-9E68-7218-25F1BD1BBEAB}
		{C2DF5E8C-7482-440F-9264-C9A0EAECAC59} = {1787FE1D-075E-9E68-7218-25F1BD1BBEAB}
	EndGlobalSection
	GlobalSection(ExtensibilityGlobals) = postSolution
		SolutionGuid = {FA4BC63E-9A06-47C9-9B05-52C3E07AD3DA}
	EndGlobalSection
EndGlobal
